
Microsoft Visual Studio Solution File, Format Version 12.00
# Visual Studio 15
VisualStudioVersion = 15.0.28010.2046
MinimumVisualStudioVersion = 10.0.40219.1
Project("{FAE04EC0-301F-11D3-BF4B-00C04F79EFBC}") = "Core", "Core\Core.csproj", "{0D02D808-8AD2-4D2F-9299-D2352F87DB1D}"
EndProject
Global
	GlobalSection(SolutionConfigurationPlatforms) = preSolution
		Debug|Any CPU = Debug|Any CPU
		Release|Any CPU = Release|Any CPU
	EndGlobalSection
	GlobalSection(ProjectConfigurationPlatforms) = postSolution
		{0D02D808-8AD2-4D2F-9299-D2352F87DB1D}.Debug|Any CPU.ActiveCfg = Debug|Any CPU
		{0D02D808-8AD2-4D2F-9299-D2352F87DB1D}.Debug|Any CPU.Build.0 = Debug|Any CPU
		{0D02D808-8AD2-4D2F-9299-D2352F87DB1D}.Release|Any CPU.ActiveCfg = Release|Any CPU
		{0D02D808-8AD2-4D2F-9299-D2352F87DB1D}.Release|Any CPU.Build.0 = Release|Any CPU
	EndGlobalSection
	GlobalSection(SolutionProperties) = preSolution
		HideSolutionNode = FALSE
	EndGlobalSection
	GlobalSection(ExtensibilityGlobals) = postSolution
		SolutionGuid = {44C3E925-FA0C-4D90-B4A0-B198F639B749}
	EndGlobalSection
EndGlobal
